
Microsoft Visual Studio Solution File, Format Version 12.00
# Visual Studio Version 16
VisualStudioVersion = 16.0.32602.291
MinimumVisualStudioVersion = 10.0.40219.1
Project("{9A19103F-16F7-4668-BE54-9A1E7A4F7556}") = "GraphPract", "GraphPract\GraphPract.csproj", "{73AD3A4A-D952-4964-B30B-4806C66DFF90}"
EndProject
Project("{2150E333-8FDC-42A3-9474-1A3956D46DE8}") = "SortSol", "SortSol", "{88DA2134-076C-490B-8EAB-1568AD4FAD7F}"
EndProject
Project("{9A19103F-16F7-4668-BE54-9A1E7A4F7556}") = "Mergingtech", "Mergingtech\Mergingtech.csproj", "{2D67E89E-815B-4393-8A84-6319CB4B06E1}"
EndProject
Project("{2150E333-8FDC-42A3-9474-1A3956D46DE8}") = "ArrayPract", "ArrayPract", "{65DB4B2F-8249-41F7-9F75-B2DA9CFCAAC0}"
EndProject
Project("{9A19103F-16F7-4668-BE54-9A1E7A4F7556}") = "ArraySolution", "ArraySolution\ArraySolution.csproj", "{7A3E2206-1470-4FFE-9C9F-3C7B0309A5DE}"
EndProject
Project("{2150E333-8FDC-42A3-9474-1A3956D46DE8}") = "String", "String", "{26669DCF-A08F-41DB-B732-58B8B6F116D5}"
EndProject
Project("{9A19103F-16F7-4668-BE54-9A1E7A4F7556}") = "StringPract", "StringPract\StringPract.csproj", "{2174635E-7942-47D3-BB1E-60AAE511E407}"
EndProject
Project("{2150E333-8FDC-42A3-9474-1A3956D46DE8}") = "Linq", "Linq", "{4C769CEE-712C-44F8-99C6-887775D9AE95}"
EndProject
Project("{FAE04EC0-301F-11D3-BF4B-00C04F79EFBC}") = "LinkPractice", "LinkPractice\LinkPractice.csproj", "{0280700E-1E05-4FCD-A317-D3B6A3FD6CA0}"
EndProject
Global
	GlobalSection(SolutionConfigurationPlatforms) = preSolution
		Debug|Any CPU = Debug|Any CPU
		Release|Any CPU = Release|Any CPU
	EndGlobalSection
	GlobalSection(ProjectConfigurationPlatforms) = postSolution
		{73AD3A4A-D952-4964-B30B-4806C66DFF90}.Debug|Any CPU.ActiveCfg = Debug|Any CPU
		{73AD3A4A-D952-4964-B30B-4806C66DFF90}.Debug|Any CPU.Build.0 = Debug|Any CPU
		{73AD3A4A-D952-4964-B30B-4806C66DFF90}.Release|Any CPU.ActiveCfg = Release|Any CPU
		{73AD3A4A-D952-4964-B30B-4806C66DFF90}.Release|Any CPU.Build.0 = Release|Any CPU
		{2D67E89E-815B-4393-8A84-6319CB4B06E1}.Debug|Any CPU.ActiveCfg = Debug|Any CPU
		{2D67E89E-815B-4393-8A84-6319CB4B06E1}.Debug|Any CPU.Build.0 = Debug|Any CPU
		{2D67E89E-815B-4393-8A84-6319CB4B06E1}.Release|Any CPU.ActiveCfg = Release|Any CPU
		{2D67E89E-815B-4393-8A84-6319CB4B06E1}.Release|Any CPU.Build.0 = Release|Any CPU
		{7A3E2206-1470-4FFE-9C9F-3C7B0309A5DE}.Debug|Any CPU.ActiveCfg = Debug|Any CPU
		{7A3E2206-1470-4FFE-9C9F-3C7B0309A5DE}.Debug|Any CPU.Build.0 = Debug|Any CPU
		{7A3E2206-1470-4FFE-9C9F-3C7B0309A5DE}.Release|Any CPU.ActiveCfg = Release|Any CPU
		{7A3E2206-1470-4FFE-9C9F-3C7B0309A5DE}.Release|Any CPU.Build.0 = Release|Any CPU
		{2174635E-7942-47D3-BB1E-60AAE511E407}.Debug|Any CPU.ActiveCfg = Debug|Any CPU
		{2174635E-7942-47D3-BB1E-60AAE511E407}.Debug|Any CPU.Build.0 = Debug|Any CPU
		{2174635E-7942-47D3-BB1E-60AAE511E407}.Release|Any CPU.ActiveCfg = Release|Any CPU
		{2174635E-7942-47D3-BB1E-60AAE511E407}.Release|Any CPU.Build.0 = Release|Any CPU
		{0280700E-1E05-4FCD-A317-D3B6A3FD6CA0}.Debug|Any CPU.ActiveCfg = Debug|Any CPU
		{0280700E-1E05-4FCD-A317-D3B6A3FD6CA0}.Debug|Any CPU.Build.0 = Debug|Any CPU
		{0280700E-1E05-4FCD-A317-D3B6A3FD6CA0}.Release|Any CPU.ActiveCfg = Release|Any CPU
		{0280700E-1E05-4FCD-A317-D3B6A3FD6CA0}.Release|Any CPU.Build.0 = Release|Any CPU
	EndGlobalSection
	GlobalSection(SolutionProperties) = preSolution
		HideSolutionNode = FALSE
	EndGlobalSection
	GlobalSection(NestedProjects) = preSolution
		{2D67E89E-815B-4393-8A84-6319CB4B06E1} = {88DA2134-076C-490B-8EAB-1568AD4FAD7F}
		{7A3E2206-1470-4FFE-9C9F-3C7B0309A5DE} = {65DB4B2F-8249-41F7-9F75-B2DA9CFCAAC0}
		{2174635E-7942-47D3-BB1E-60AAE511E407} = {26669DCF-A08F-41DB-B732-58B8B6F116D5}
		{0280700E-1E05-4FCD-A317-D3B6A3FD6CA0} = {4C769CEE-712C-44F8-99C6-887775D9AE95}
	EndGlobalSection
	GlobalSection(ExtensibilityGlobals) = postSolution
		SolutionGuid = {A0808902-7C51-4CA9-BC34-11DA9B6AAE00}
	EndGlobalSection
EndGlobal
